
Microsoft Visual Studio Solution File, Format Version 12.00
# Visual Studio Version 16
VisualStudioVersion = 16.0.30717.126
MinimumVisualStudioVersion = 10.0.40219.1
Project("{FAE04EC0-301F-11D3-BF4B-00C04F79EFBC}") = "TheGraphingOfEquations", "TheGraphingOfEquations\TheGraphingOfEquations.csproj", "{8DF418CA-A673-44E4-9BEA-DBD20C60041D}"
EndProject
Global
	GlobalSection(SolutionConfigurationPlatforms) = preSolution
		Debug|Any CPU = Debug|Any CPU
		Release|Any CPU = Release|Any CPU
	EndGlobalSection
	GlobalSection(ProjectConfigurationPlatforms) = postSolution
		{8DF418CA-A673-44E4-9BEA-DBD20C60041D}.Debug|Any CPU.ActiveCfg = Debug|Any CPU
		{8DF418CA-A673-44E4-9BEA-DBD20C60041D}.Debug|Any CPU.Build.0 = Debug|Any CPU
		{8DF418CA-A673-44E4-9BEA-DBD20C60041D}.Release|Any CPU.ActiveCfg = Release|Any CPU
		{8DF418CA-A673-44E4-9BEA-DBD20C60041D}.Release|Any CPU.Build.0 = Release|Any CPU
	EndGlobalSection
	GlobalSection(SolutionProperties) = preSolution
		HideSolutionNode = FALSE
	EndGlobalSection
	GlobalSection(ExtensibilityGlobals) = postSolution
		SolutionGuid = {D0A4730D-038B-402B-BCFB-206CADAA1666}
	EndGlobalSection
EndGlobal
